<?xml version="1.0" encoding="utf-8"?>
<Project ToolsVersion="4.0" xmlns="http://schemas.microsoft.com/developer/msbuild/2003">
  <ItemGroup>
    <Filter Include="源文件">
      <UniqueIdentifier>{4FC737F1-C7A5-4376-A066-2A32D752A2FF}</UniqueIdentifier>
      <Extensions>cpp;c;cc;cxx;def;odl;idl;hpj;bat;asm;asmx</Extensions>
    </Filter>
    <Filter Include="头文件">
      <UniqueIdentifier>{93995380-89BD-4b04-88EB-625FBE52EBFB}</UniqueIdentifier>
      <Extensions>h;hh;hpp;hxx;hm;inl;inc;xsd</Extensions>
    </Filter>
    <Filter Include="资源文件">
      <UniqueIdentifier>{67DA6AB6-F800-4c08-8B7A-83BB121AAD01}</UniqueIdentifier>
      <Extensions>rc;ico;cur;bmp;dlg;rc2;rct;bin;rgs;gif;jpg;jpeg;jpe;resx;tiff;tif;png;wav;mfcribbon-ms</Extensions>
    </Filter>
    <Filter Include="资源文件\shaders">
      <UniqueIdentifier>{0724df5d-8342-4bab-b7de-dab529196b0f}</UniqueIdentifier>
    </Filter>
  </ItemGroup>
  <ItemGroup>
    <ClCompile Include="src\Geometry.cpp">
      <Filter>源文件</Filter>
    </ClCompile>
    <ClCompile Include="src\GLLib.cpp">
      <Filter>源文件</Filter>
    </ClCompile>
    <ClCompile Include="src\main.cpp">
      <Filter>源文件</Filter>
    </ClCompile>
    <ClCompile Include="src\GameScenes.cpp">
      <Filter>源文件</Filter>
    </ClCompile>
    <ClCompile Include="src\GameObjects.cpp">
      <Filter>源文件</Filter>
    </ClCompile>
    <ClCompile Include="src\Utilities.cpp">
      <Filter>源文件</Filter>
    </ClCompile>
    <ClCompile Include="src\Appearances.cpp">
      <Filter>源文件</Filter>
    </ClCompile>
    <ClCompile Include="src\MapLoader.cpp">
      <Filter>源文件</Filter>
    </ClCompile>
  </ItemGroup>
  <ItemGroup>
    <ClInclude Include="src\Geometry.h">
      <Filter>头文件</Filter>
    </ClInclude>
    <ClInclude Include="src\GLLib.h">
      <Filter>头文件</Filter>
    </ClInclude>
    <ClInclude Include="src\GameScenes.h">
      <Filter>头文件</Filter>
    </ClInclude>
    <ClInclude Include="src\GameObjects.h">
      <Filter>头文件</Filter>
    </ClInclude>
    <ClInclude Include="src\Utilities.h">
      <Filter>头文件</Filter>
    </ClInclude>
    <ClInclude Include="src\Appearances.h">
      <Filter>头文件</Filter>
    </ClInclude>
    <ClInclude Include="src\MapLoader.h">
      <Filter>头文件</Filter>
    </ClInclude>
  </ItemGroup>
  <ItemGroup>
    <None Include="res\shader\blend.frag">
      <Filter>资源文件\shaders</Filter>
    </None>
    <None Include="res\shader\blendCtr.frag">
      <Filter>资源文件\shaders</Filter>
    </None>
    <None Include="res\shader\bloomMerge.frag">
      <Filter>资源文件\shaders</Filter>
    </None>
    <None Include="res\shader\bloomSplit.frag">
      <Filter>资源文件\shaders</Filter>
    </None>
    <None Include="res\shader\gaussianBlur.frag">
      <Filter>资源文件\shaders</Filter>
    </None>
    <None Include="res\shader\general.geom">
      <Filter>资源文件\shaders</Filter>
    </None>
    <None Include="res\shader\general.vert">
      <Filter>资源文件\shaders</Filter>
    </None>
    <None Include="res\shader\lighting.frag">
      <Filter>资源文件\shaders</Filter>
    </None>
    <None Include="res\shader\screenQuad.vert">
      <Filter>资源文件\shaders</Filter>
    </None>
    <None Include="res\shader\shadowmap.frag">
      <Filter>资源文件\shaders</Filter>
    </None>
    <None Include="res\shader\shadowmap.vert">
      <Filter>资源文件\shaders</Filter>
    </None>
  </ItemGroup>
</Project>